// !$*UTF8*$!
{
	archiveVersion = 1;
	classes = {
	};
	objectVersion = 50;
	objects = {

/* Begin PBXBuildFile section */
		58256E3D24C1814400EE04CA /* Constants.swift in Sources */ = {isa = PBXBuildFile; fileRef = 58256E3C24C1814400EE04CA /* Constants.swift */; };
		58256E3F24C18C2800EE04CA /* AppAppearance.swift in Sources */ = {isa = PBXBuildFile; fileRef = 58256E3E24C18C2800EE04CA /* AppAppearance.swift */; };
		58256E4224C18FB600EE04CA /* UserCell.swift in Sources */ = {isa = PBXBuildFile; fileRef = 58256E4024C18FB600EE04CA /* UserCell.swift */; };
		58256E4324C18FB600EE04CA /* UserCell.xib in Resources */ = {isa = PBXBuildFile; fileRef = 58256E4124C18FB600EE04CA /* UserCell.xib */; };
		58256E4524C197F000EE04CA /* UITableViewCell+UINib.swift in Sources */ = {isa = PBXBuildFile; fileRef = 58256E4424C197F000EE04CA /* UITableViewCell+UINib.swift */; };
		58256E4724C1984400EE04CA /* ClassNameable.swift in Sources */ = {isa = PBXBuildFile; fileRef = 58256E4624C1984400EE04CA /* ClassNameable.swift */; };
		58256E4924C1ABCE00EE04CA /* UIView.swift in Sources */ = {isa = PBXBuildFile; fileRef = 58256E4824C1ABCE00EE04CA /* UIView.swift */; };
		5877E8A324C1BA3A000F571D /* CustomHeader.swift in Sources */ = {isa = PBXBuildFile; fileRef = 5877E8A224C1BA3A000F571D /* CustomHeader.swift */; };
		5877E8A524C1BA4E000F571D /* CustomHeader.xib in Resources */ = {isa = PBXBuildFile; fileRef = 5877E8A424C1BA4E000F571D /* CustomHeader.xib */; };
		5877E8A724C1BDB0000F571D /* UITableHeaderForFooterView+UINib.swift in Sources */ = {isa = PBXBuildFile; fileRef = 5877E8A624C1BDB0000F571D /* UITableHeaderForFooterView+UINib.swift */; };
		5877E8A924C1C22D000F571D /* UserListViewModel.swift in Sources */ = {isa = PBXBuildFile; fileRef = 5877E8A824C1C22D000F571D /* UserListViewModel.swift */; };
		5877E8AB24C1D2DC000F571D /* UIViewController+Spinner.swift in Sources */ = {isa = PBXBuildFile; fileRef = 5877E8AA24C1D2DC000F571D /* UIViewController+Spinner.swift */; };
		5877E8AD24C1D33E000F571D /* UIViewController+Alert.swift in Sources */ = {isa = PBXBuildFile; fileRef = 5877E8AC24C1D33E000F571D /* UIViewController+Alert.swift */; };
		5877E8AF24C1DF62000F571D /* UINavigationController+Appearence.swift in Sources */ = {isa = PBXBuildFile; fileRef = 5877E8AE24C1DF62000F571D /* UINavigationController+Appearence.swift */; };
		5877E8B124C1E32E000F571D /* UIImageView+ParseImage.swift in Sources */ = {isa = PBXBuildFile; fileRef = 5877E8B024C1E32E000F571D /* UIImageView+ParseImage.swift */; };
		5877E8B324C1E49E000F571D /* UIImageView+Rounded.swift in Sources */ = {isa = PBXBuildFile; fileRef = 5877E8B224C1E49E000F571D /* UIImageView+Rounded.swift */; };
		5877E8B824C1E596000F571D /* UserDetailViewController.storyboard in Resources */ = {isa = PBXBuildFile; fileRef = 5877E8B724C1E596000F571D /* UserDetailViewController.storyboard */; };
		5877E8BA24C1E5B1000F571D /* UserDetailViewController.swift in Sources */ = {isa = PBXBuildFile; fileRef = 5877E8B924C1E5B1000F571D /* UserDetailViewController.swift */; };
		5877E8BC24C1EDEB000F571D /* UITextView+HyperLink.swift in Sources */ = {isa = PBXBuildFile; fileRef = 5877E8BB24C1EDEB000F571D /* UITextView+HyperLink.swift */; };
		58EAEC5024C0D9AF0009DF69 /* AppDelegate.swift in Sources */ = {isa = PBXBuildFile; fileRef = 58EAEC4F24C0D9AF0009DF69 /* AppDelegate.swift */; };
		58EAEC5224C0D9AF0009DF69 /* SceneDelegate.swift in Sources */ = {isa = PBXBuildFile; fileRef = 58EAEC5124C0D9AF0009DF69 /* SceneDelegate.swift */; };
		58EAEC5424C0D9AF0009DF69 /* UsersListViewController.swift in Sources */ = {isa = PBXBuildFile; fileRef = 58EAEC5324C0D9AF0009DF69 /* UsersListViewController.swift */; };
		58EAEC5724C0D9AF0009DF69 /* UsersListViewController.storyboard in Resources */ = {isa = PBXBuildFile; fileRef = 58EAEC5524C0D9AF0009DF69 /* UsersListViewController.storyboard */; };
		58EAEC5924C0D9B50009DF69 /* Assets.xcassets in Resources */ = {isa = PBXBuildFile; fileRef = 58EAEC5824C0D9B50009DF69 /* Assets.xcassets */; };
		58EAEC5C24C0D9B50009DF69 /* LaunchScreen.storyboard in Resources */ = {isa = PBXBuildFile; fileRef = 58EAEC5A24C0D9B50009DF69 /* LaunchScreen.storyboard */; };
		58EAEC6724C0D9B60009DF69 /* ColleaguesAppTests.swift in Sources */ = {isa = PBXBuildFile; fileRef = 58EAEC6624C0D9B60009DF69 /* ColleaguesAppTests.swift */; };
		58EAEC7C24C0E5660009DF69 /* APIConstants.swift in Sources */ = {isa = PBXBuildFile; fileRef = 58EAEC7B24C0E5660009DF69 /* APIConstants.swift */; };
		58EAEC7E24C0E6B70009DF69 /* Result.swift in Sources */ = {isa = PBXBuildFile; fileRef = 58EAEC7D24C0E6B70009DF69 /* Result.swift */; };
		58EAEC8024C0E6D30009DF69 /* ErrorResult.swift in Sources */ = {isa = PBXBuildFile; fileRef = 58EAEC7F24C0E6D30009DF69 /* ErrorResult.swift */; };
		58EAEC8224C0E7210009DF69 /* RequestHandler.swift in Sources */ = {isa = PBXBuildFile; fileRef = 58EAEC8124C0E7210009DF69 /* RequestHandler.swift */; };
		58EAEC8424C0E7680009DF69 /* ParserHelper.swift in Sources */ = {isa = PBXBuildFile; fileRef = 58EAEC8324C0E7680009DF69 /* ParserHelper.swift */; };
		58EAEC8624C0E7BF0009DF69 /* APIService.swift in Sources */ = {isa = PBXBuildFile; fileRef = 58EAEC8524C0E7BF0009DF69 /* APIService.swift */; };
		58EAEC8824C0E8030009DF69 /* ErrorDto.swift in Sources */ = {isa = PBXBuildFile; fileRef = 58EAEC8724C0E8030009DF69 /* ErrorDto.swift */; };
		58EAEC8C24C0ED300009DF69 /* GetInfoService.swift in Sources */ = {isa = PBXBuildFile; fileRef = 58EAEC8B24C0ED300009DF69 /* GetInfoService.swift */; };
		58EAEC8E24C15D1F0009DF69 /* DataResponse.swift in Sources */ = {isa = PBXBuildFile; fileRef = 58EAEC8D24C15D1F0009DF69 /* DataResponse.swift */; };
		58EAEC9024C15E990009DF69 /* Ad.swift in Sources */ = {isa = PBXBuildFile; fileRef = 58EAEC8F24C15E990009DF69 /* Ad.swift */; };
		58EAEC9224C15EB70009DF69 /* User.swift in Sources */ = {isa = PBXBuildFile; fileRef = 58EAEC9124C15EB70009DF69 /* User.swift */; };
		58FCD74124C166DE00C94FED /* StoryboardInstantiable.swift in Sources */ = {isa = PBXBuildFile; fileRef = 58FCD74024C166DE00C94FED /* StoryboardInstantiable.swift */; };
		58FCD74324C167D600C94FED /* Coordinator.swift in Sources */ = {isa = PBXBuildFile; fileRef = 58FCD74224C167D600C94FED /* Coordinator.swift */; };
		58FCD74624C1687300C94FED /* MainCoordinator.swift in Sources */ = {isa = PBXBuildFile; fileRef = 58FCD74524C1687300C94FED /* MainCoordinator.swift */; };
/* End PBXBuildFile section */

/* Begin PBXContainerItemProxy section */
		58EAEC6324C0D9B60009DF69 /* PBXContainerItemProxy */ = {
			isa = PBXContainerItemProxy;
			containerPortal = 58EAEC4424C0D9AF0009DF69 /* Project object */;
			proxyType = 1;
			remoteGlobalIDString = 58EAEC4B24C0D9AF0009DF69;
			remoteInfo = ColleaguesApp;
		};
/* End PBXContainerItemProxy section */

/* Begin PBXFileReference section */
		58256E3C24C1814400EE04CA /* Constants.swift */ = {isa = PBXFileReference; lastKnownFileType = sourcecode.swift; path = Constants.swift; sourceTree = "<group>"; };
		58256E3E24C18C2800EE04CA /* AppAppearance.swift */ = {isa = PBXFileReference; lastKnownFileType = sourcecode.swift; path = AppAppearance.swift; sourceTree = "<group>"; };
		58256E4024C18FB600EE04CA /* UserCell.swift */ = {isa = PBXFileReference; lastKnownFileType = sourcecode.swift; path = UserCell.swift; sourceTree = "<group>"; };
		58256E4124C18FB600EE04CA /* UserCell.xib */ = {isa = PBXFileReference; lastKnownFileType = file.xib; path = UserCell.xib; sourceTree = "<group>"; };
		58256E4424C197F000EE04CA /* UITableViewCell+UINib.swift */ = {isa = PBXFileReference; lastKnownFileType = sourcecode.swift; path = "UITableViewCell+UINib.swift"; sourceTree = "<group>"; };
		58256E4624C1984400EE04CA /* ClassNameable.swift */ = {isa = PBXFileReference; lastKnownFileType = sourcecode.swift; path = ClassNameable.swift; sourceTree = "<group>"; };
		58256E4824C1ABCE00EE04CA /* UIView.swift */ = {isa = PBXFileReference; lastKnownFileType = sourcecode.swift; path = UIView.swift; sourceTree = "<group>"; };
		5877E8A224C1BA3A000F571D /* CustomHeader.swift */ = {isa = PBXFileReference; lastKnownFileType = sourcecode.swift; path = CustomHeader.swift; sourceTree = "<group>"; };
		5877E8A424C1BA4E000F571D /* CustomHeader.xib */ = {isa = PBXFileReference; lastKnownFileType = file.xib; path = CustomHeader.xib; sourceTree = "<group>"; };
		5877E8A624C1BDB0000F571D /* UITableHeaderForFooterView+UINib.swift */ = {isa = PBXFileReference; lastKnownFileType = sourcecode.swift; path = "UITableHeaderForFooterView+UINib.swift"; sourceTree = "<group>"; };
		5877E8A824C1C22D000F571D /* UserListViewModel.swift */ = {isa = PBXFileReference; lastKnownFileType = sourcecode.swift; path = UserListViewModel.swift; sourceTree = "<group>"; };
		5877E8AA24C1D2DC000F571D /* UIViewController+Spinner.swift */ = {isa = PBXFileReference; lastKnownFileType = sourcecode.swift; path = "UIViewController+Spinner.swift"; sourceTree = "<group>"; };
		5877E8AC24C1D33E000F571D /* UIViewController+Alert.swift */ = {isa = PBXFileReference; lastKnownFileType = sourcecode.swift; path = "UIViewController+Alert.swift"; sourceTree = "<group>"; };
		5877E8AE24C1DF62000F571D /* UINavigationController+Appearence.swift */ = {isa = PBXFileReference; lastKnownFileType = sourcecode.swift; path = "UINavigationController+Appearence.swift"; sourceTree = "<group>"; };
		5877E8B024C1E32E000F571D /* UIImageView+ParseImage.swift */ = {isa = PBXFileReference; lastKnownFileType = sourcecode.swift; path = "UIImageView+ParseImage.swift"; sourceTree = "<group>"; };
		5877E8B224C1E49E000F571D /* UIImageView+Rounded.swift */ = {isa = PBXFileReference; lastKnownFileType = sourcecode.swift; path = "UIImageView+Rounded.swift"; sourceTree = "<group>"; };
		5877E8B724C1E596000F571D /* UserDetailViewController.storyboard */ = {isa = PBXFileReference; lastKnownFileType = file.storyboard; path = UserDetailViewController.storyboard; sourceTree = "<group>"; };
		5877E8B924C1E5B1000F571D /* UserDetailViewController.swift */ = {isa = PBXFileReference; lastKnownFileType = sourcecode.swift; path = UserDetailViewController.swift; sourceTree = "<group>"; };
		5877E8BB24C1EDEB000F571D /* UITextView+HyperLink.swift */ = {isa = PBXFileReference; lastKnownFileType = sourcecode.swift; path = "UITextView+HyperLink.swift"; sourceTree = "<group>"; };
		58EAEC4C24C0D9AF0009DF69 /* ColleaguesApp.app */ = {isa = PBXFileReference; explicitFileType = wrapper.application; includeInIndex = 0; path = ColleaguesApp.app; sourceTree = BUILT_PRODUCTS_DIR; };
		58EAEC4F24C0D9AF0009DF69 /* AppDelegate.swift */ = {isa = PBXFileReference; lastKnownFileType = sourcecode.swift; path = AppDelegate.swift; sourceTree = "<group>"; };
		58EAEC5124C0D9AF0009DF69 /* SceneDelegate.swift */ = {isa = PBXFileReference; lastKnownFileType = sourcecode.swift; path = SceneDelegate.swift; sourceTree = "<group>"; };
		58EAEC5324C0D9AF0009DF69 /* UsersListViewController.swift */ = {isa = PBXFileReference; lastKnownFileType = sourcecode.swift; path = UsersListViewController.swift; sourceTree = "<group>"; };
		58EAEC5624C0D9AF0009DF69 /* Base */ = {isa = PBXFileReference; lastKnownFileType = file.storyboard; name = Base; path = Base.lproj/UsersListViewController.storyboard; sourceTree = "<group>"; };
		58EAEC5824C0D9B50009DF69 /* Assets.xcassets */ = {isa = PBXFileReference; lastKnownFileType = folder.assetcatalog; path = Assets.xcassets; sourceTree = "<group>"; };
		58EAEC5B24C0D9B50009DF69 /* Base */ = {isa = PBXFileReference; lastKnownFileType = file.storyboard; name = Base; path = Base.lproj/LaunchScreen.storyboard; sourceTree = "<group>"; };
		58EAEC5D24C0D9B50009DF69 /* Info.plist */ = {isa = PBXFileReference; lastKnownFileType = text.plist.xml; path = Info.plist; sourceTree = "<group>"; };
		58EAEC6224C0D9B60009DF69 /* ColleaguesAppTests.xctest */ = {isa = PBXFileReference; explicitFileType = wrapper.cfbundle; includeInIndex = 0; path = ColleaguesAppTests.xctest; sourceTree = BUILT_PRODUCTS_DIR; };
		58EAEC6624C0D9B60009DF69 /* ColleaguesAppTests.swift */ = {isa = PBXFileReference; lastKnownFileType = sourcecode.swift; path = ColleaguesAppTests.swift; sourceTree = "<group>"; };
		58EAEC6824C0D9B60009DF69 /* Info.plist */ = {isa = PBXFileReference; lastKnownFileType = text.plist.xml; path = Info.plist; sourceTree = "<group>"; };
		58EAEC7B24C0E5660009DF69 /* APIConstants.swift */ = {isa = PBXFileReference; lastKnownFileType = sourcecode.swift; path = APIConstants.swift; sourceTree = "<group>"; };
		58EAEC7D24C0E6B70009DF69 /* Result.swift */ = {isa = PBXFileReference; lastKnownFileType = sourcecode.swift; path = Result.swift; sourceTree = "<group>"; };
		58EAEC7F24C0E6D30009DF69 /* ErrorResult.swift */ = {isa = PBXFileReference; lastKnownFileType = sourcecode.swift; path = ErrorResult.swift; sourceTree = "<group>"; };
		58EAEC8124C0E7210009DF69 /* RequestHandler.swift */ = {isa = PBXFileReference; lastKnownFileType = sourcecode.swift; path = RequestHandler.swift; sourceTree = "<group>"; };
		58EAEC8324C0E7680009DF69 /* ParserHelper.swift */ = {isa = PBXFileReference; lastKnownFileType = sourcecode.swift; path = ParserHelper.swift; sourceTree = "<group>"; };
		58EAEC8524C0E7BF0009DF69 /* APIService.swift */ = {isa = PBXFileReference; lastKnownFileType = sourcecode.swift; path = APIService.swift; sourceTree = "<group>"; };
		58EAEC8724C0E8030009DF69 /* ErrorDto.swift */ = {isa = PBXFileReference; lastKnownFileType = sourcecode.swift; path = ErrorDto.swift; sourceTree = "<group>"; };
		58EAEC8B24C0ED300009DF69 /* GetInfoService.swift */ = {isa = PBXFileReference; lastKnownFileType = sourcecode.swift; path = GetInfoService.swift; sourceTree = "<group>"; };
		58EAEC8D24C15D1F0009DF69 /* DataResponse.swift */ = {isa = PBXFileReference; lastKnownFileType = sourcecode.swift; path = DataResponse.swift; sourceTree = "<group>"; };
		58EAEC8F24C15E990009DF69 /* Ad.swift */ = {isa = PBXFileReference; lastKnownFileType = sourcecode.swift; path = Ad.swift; sourceTree = "<group>"; };
		58EAEC9124C15EB70009DF69 /* User.swift */ = {isa = PBXFileReference; lastKnownFileType = sourcecode.swift; path = User.swift; sourceTree = "<group>"; };
		58FCD74024C166DE00C94FED /* StoryboardInstantiable.swift */ = {isa = PBXFileReference; lastKnownFileType = sourcecode.swift; path = StoryboardInstantiable.swift; sourceTree = "<group>"; };
		58FCD74224C167D600C94FED /* Coordinator.swift */ = {isa = PBXFileReference; lastKnownFileType = sourcecode.swift; path = Coordinator.swift; sourceTree = "<group>"; };
		58FCD74524C1687300C94FED /* MainCoordinator.swift */ = {isa = PBXFileReference; lastKnownFileType = sourcecode.swift; path = MainCoordinator.swift; sourceTree = "<group>"; };
/* End PBXFileReference section */

/* Begin PBXFrameworksBuildPhase section */
		58EAEC4924C0D9AF0009DF69 /* Frameworks */ = {
			isa = PBXFrameworksBuildPhase;
			buildActionMask = 2147483647;
			files = (
			);
			runOnlyForDeploymentPostprocessing = 0;
		};
		58EAEC5F24C0D9B60009DF69 /* Frameworks */ = {
			isa = PBXFrameworksBuildPhase;
			buildActionMask = 2147483647;
			files = (
			);
			runOnlyForDeploymentPostprocessing = 0;
		};
/* End PBXFrameworksBuildPhase section */

/* Begin PBXGroup section */
		58256E3B24C1812100EE04CA /* Common */ = {
			isa = PBXGroup;
			children = (
				58256E3C24C1814400EE04CA /* Constants.swift */,
			);
			path = Common;
			sourceTree = "<group>";
		};
		5877E8B424C1E54A000F571D /* UserDetail */ = {
			isa = PBXGroup;
			children = (
				5877E8B624C1E56C000F571D /* ViewModel */,
				5877E8B524C1E562000F571D /* VIew */,
			);
			path = UserDetail;
			sourceTree = "<group>";
		};
		5877E8B524C1E562000F571D /* VIew */ = {
			isa = PBXGroup;
			children = (
				5877E8B724C1E596000F571D /* UserDetailViewController.storyboard */,
				5877E8B924C1E5B1000F571D /* UserDetailViewController.swift */,
			);
			path = VIew;
			sourceTree = "<group>";
		};
		5877E8B624C1E56C000F571D /* ViewModel */ = {
			isa = PBXGroup;
			children = (
			);
			path = ViewModel;
			sourceTree = "<group>";
		};
		58EAEC4324C0D9AF0009DF69 = {
			isa = PBXGroup;
			children = (
				58EAEC4E24C0D9AF0009DF69 /* ColleaguesApp */,
				58256E3B24C1812100EE04CA /* Common */,
				58EAEC6524C0D9B60009DF69 /* ColleaguesAppTests */,
				58EAEC4D24C0D9AF0009DF69 /* Products */,
			);
			sourceTree = "<group>";
		};
		58EAEC4D24C0D9AF0009DF69 /* Products */ = {
			isa = PBXGroup;
			children = (
				58EAEC4C24C0D9AF0009DF69 /* ColleaguesApp.app */,
				58EAEC6224C0D9B60009DF69 /* ColleaguesAppTests.xctest */,
			);
			name = Products;
			sourceTree = "<group>";
		};
		58EAEC4E24C0D9AF0009DF69 /* ColleaguesApp */ = {
			isa = PBXGroup;
			children = (
				58EAEC7124C0DB5C0009DF69 /* Application */,
				58EAEC7224C0DBBB0009DF69 /* Presentation */,
				58EAEC7724C0E3870009DF69 /* Data */,
				58EAEC7624C0E2F40009DF69 /* Network */,
				58EAEC7524C0DDF00009DF69 /* Resources */,
			);
			path = ColleaguesApp;
			sourceTree = "<group>";
		};
		58EAEC6524C0D9B60009DF69 /* ColleaguesAppTests */ = {
			isa = PBXGroup;
			children = (
				58EAEC6624C0D9B60009DF69 /* ColleaguesAppTests.swift */,
				58EAEC6824C0D9B60009DF69 /* Info.plist */,
			);
			path = ColleaguesAppTests;
			sourceTree = "<group>";
		};
		58EAEC7124C0DB5C0009DF69 /* Application */ = {
			isa = PBXGroup;
			children = (
				58EAEC4F24C0D9AF0009DF69 /* AppDelegate.swift */,
				58EAEC5124C0D9AF0009DF69 /* SceneDelegate.swift */,
				58256E3E24C18C2800EE04CA /* AppAppearance.swift */,
			);
			path = Application;
			sourceTree = "<group>";
		};
		58EAEC7224C0DBBB0009DF69 /* Presentation */ = {
			isa = PBXGroup;
			children = (
				58FCD73D24C1669900C94FED /* Flows */,
				58FCD74724C1715900C94FED /* UsersList */,
				5877E8B424C1E54A000F571D /* UserDetail */,
				58FCD73E24C166A000C94FED /* Utils */,
			);
			path = Presentation;
			sourceTree = "<group>";
		};
		58EAEC7524C0DDF00009DF69 /* Resources */ = {
			isa = PBXGroup;
			children = (
				58EAEC5A24C0D9B50009DF69 /* LaunchScreen.storyboard */,
				58EAEC5D24C0D9B50009DF69 /* Info.plist */,
				58EAEC5824C0D9B50009DF69 /* Assets.xcassets */,
			);
			path = Resources;
			sourceTree = "<group>";
		};
		58EAEC7624C0E2F40009DF69 /* Network */ = {
			isa = PBXGroup;
			children = (
				58EAEC8924C0ECF40009DF69 /* Services */,
				58EAEC8A24C0ED000009DF69 /* Helpers */,
			);
			path = Network;
			sourceTree = "<group>";
		};
		58EAEC7724C0E3870009DF69 /* Data */ = {
			isa = PBXGroup;
			children = (
				58EAEC7824C0E38B0009DF69 /* Model */,
			);
			path = Data;
			sourceTree = "<group>";
		};
		58EAEC7824C0E38B0009DF69 /* Model */ = {
			isa = PBXGroup;
			children = (
				58EAEC8D24C15D1F0009DF69 /* DataResponse.swift */,
				58EAEC8F24C15E990009DF69 /* Ad.swift */,
				58EAEC9124C15EB70009DF69 /* User.swift */,
			);
			path = Model;
			sourceTree = "<group>";
		};
		58EAEC8924C0ECF40009DF69 /* Services */ = {
			isa = PBXGroup;
			children = (
				58EAEC8524C0E7BF0009DF69 /* APIService.swift */,
				58EAEC8B24C0ED300009DF69 /* GetInfoService.swift */,
			);
			path = Services;
			sourceTree = "<group>";
		};
		58EAEC8A24C0ED000009DF69 /* Helpers */ = {
			isa = PBXGroup;
			children = (
				58EAEC7B24C0E5660009DF69 /* APIConstants.swift */,
				58EAEC7D24C0E6B70009DF69 /* Result.swift */,
				58EAEC7F24C0E6D30009DF69 /* ErrorResult.swift */,
				58EAEC8124C0E7210009DF69 /* RequestHandler.swift */,
				58EAEC8324C0E7680009DF69 /* ParserHelper.swift */,
				58EAEC8724C0E8030009DF69 /* ErrorDto.swift */,
			);
			path = Helpers;
			sourceTree = "<group>";
		};
		58FCD73D24C1669900C94FED /* Flows */ = {
			isa = PBXGroup;
			children = (
				58FCD74524C1687300C94FED /* MainCoordinator.swift */,
			);
			path = Flows;
			sourceTree = "<group>";
		};
		58FCD73E24C166A000C94FED /* Utils */ = {
			isa = PBXGroup;
			children = (
				58FCD74424C1680900C94FED /* Extensions */,
				58FCD73F24C166B700C94FED /* Protocols */,
			);
			path = Utils;
			sourceTree = "<group>";
		};
		58FCD73F24C166B700C94FED /* Protocols */ = {
			isa = PBXGroup;
			children = (
				58FCD74024C166DE00C94FED /* StoryboardInstantiable.swift */,
				58FCD74224C167D600C94FED /* Coordinator.swift */,
				58256E4624C1984400EE04CA /* ClassNameable.swift */,
			);
			path = Protocols;
			sourceTree = "<group>";
		};
		58FCD74424C1680900C94FED /* Extensions */ = {
			isa = PBXGroup;
			children = (
				58256E4424C197F000EE04CA /* UITableViewCell+UINib.swift */,
				58256E4824C1ABCE00EE04CA /* UIView.swift */,
				5877E8A624C1BDB0000F571D /* UITableHeaderForFooterView+UINib.swift */,
				5877E8AA24C1D2DC000F571D /* UIViewController+Spinner.swift */,
				5877E8AC24C1D33E000F571D /* UIViewController+Alert.swift */,
				5877E8AE24C1DF62000F571D /* UINavigationController+Appearence.swift */,
				5877E8B024C1E32E000F571D /* UIImageView+ParseImage.swift */,
				5877E8B224C1E49E000F571D /* UIImageView+Rounded.swift */,
				5877E8BB24C1EDEB000F571D /* UITextView+HyperLink.swift */,
			);
			path = Extensions;
			sourceTree = "<group>";
		};
		58FCD74724C1715900C94FED /* UsersList */ = {
			isa = PBXGroup;
			children = (
				58FCD74824C1716B00C94FED /* ViewModel */,
				58FCD74924C171AA00C94FED /* View */,
			);
			path = UsersList;
			sourceTree = "<group>";
		};
		58FCD74824C1716B00C94FED /* ViewModel */ = {
			isa = PBXGroup;
			children = (
				5877E8A824C1C22D000F571D /* UserListViewModel.swift */,
			);
			path = ViewModel;
			sourceTree = "<group>";
		};
		58FCD74924C171AA00C94FED /* View */ = {
			isa = PBXGroup;
			children = (
				58EAEC5324C0D9AF0009DF69 /* UsersListViewController.swift */,
				58EAEC5524C0D9AF0009DF69 /* UsersListViewController.storyboard */,
				58256E4024C18FB600EE04CA /* UserCell.swift */,
				58256E4124C18FB600EE04CA /* UserCell.xib */,
				5877E8A224C1BA3A000F571D /* CustomHeader.swift */,
				5877E8A424C1BA4E000F571D /* CustomHeader.xib */,
			);
			path = View;
			sourceTree = "<group>";
		};
/* End PBXGroup section */

/* Begin PBXNativeTarget section */
		58EAEC4B24C0D9AF0009DF69 /* ColleaguesApp */ = {
			isa = PBXNativeTarget;
			buildConfigurationList = 58EAEC6B24C0D9B60009DF69 /* Build configuration list for PBXNativeTarget "ColleaguesApp" */;
			buildPhases = (
				58EAEC4824C0D9AF0009DF69 /* Sources */,
				58EAEC4924C0D9AF0009DF69 /* Frameworks */,
				58EAEC4A24C0D9AF0009DF69 /* Resources */,
			);
			buildRules = (
			);
			dependencies = (
			);
			name = ColleaguesApp;
			productName = ColleaguesApp;
			productReference = 58EAEC4C24C0D9AF0009DF69 /* ColleaguesApp.app */;
			productType = "com.apple.product-type.application";
		};
		58EAEC6124C0D9B60009DF69 /* ColleaguesAppTests */ = {
			isa = PBXNativeTarget;
			buildConfigurationList = 58EAEC6E24C0D9B60009DF69 /* Build configuration list for PBXNativeTarget "ColleaguesAppTests" */;
			buildPhases = (
				58EAEC5E24C0D9B60009DF69 /* Sources */,
				58EAEC5F24C0D9B60009DF69 /* Frameworks */,
				58EAEC6024C0D9B60009DF69 /* Resources */,
			);
			buildRules = (
			);
			dependencies = (
				58EAEC6424C0D9B60009DF69 /* PBXTargetDependency */,
			);
			name = ColleaguesAppTests;
			productName = ColleaguesAppTests;
			productReference = 58EAEC6224C0D9B60009DF69 /* ColleaguesAppTests.xctest */;
			productType = "com.apple.product-type.bundle.unit-test";
		};
/* End PBXNativeTarget section */

/* Begin PBXProject section */
		58EAEC4424C0D9AF0009DF69 /* Project object */ = {
			isa = PBXProject;
			attributes = {
				LastSwiftUpdateCheck = 1150;
				LastUpgradeCheck = 1150;
				ORGANIZATIONNAME = "Angelina Friz";
				TargetAttributes = {
					58EAEC4B24C0D9AF0009DF69 = {
						CreatedOnToolsVersion = 11.5;
					};
					58EAEC6124C0D9B60009DF69 = {
						CreatedOnToolsVersion = 11.5;
						TestTargetID = 58EAEC4B24C0D9AF0009DF69;
					};
				};
			};
			buildConfigurationList = 58EAEC4724C0D9AF0009DF69 /* Build configuration list for PBXProject "ColleaguesApp" */;
			compatibilityVersion = "Xcode 9.3";
			developmentRegion = en;
			hasScannedForEncodings = 0;
			knownRegions = (
				en,
				Base,
			);
			mainGroup = 58EAEC4324C0D9AF0009DF69;
			productRefGroup = 58EAEC4D24C0D9AF0009DF69 /* Products */;
			projectDirPath = "";
			projectRoot = "";
			targets = (
				58EAEC4B24C0D9AF0009DF69 /* ColleaguesApp */,
				58EAEC6124C0D9B60009DF69 /* ColleaguesAppTests */,
			);
		};
/* End PBXProject section */

/* Begin PBXResourcesBuildPhase section */
		58EAEC4A24C0D9AF0009DF69 /* Resources */ = {
			isa = PBXResourcesBuildPhase;
			buildActionMask = 2147483647;
			files = (
				58256E4324C18FB600EE04CA /* UserCell.xib in Resources */,
				58EAEC5C24C0D9B50009DF69 /* LaunchScreen.storyboard in Resources */,
				5877E8A524C1BA4E000F571D /* CustomHeader.xib in Resources */,
				58EAEC5924C0D9B50009DF69 /* Assets.xcassets in Resources */,
				58EAEC5724C0D9AF0009DF69 /* UsersListViewController.storyboard in Resources */,
				5877E8B824C1E596000F571D /* UserDetailViewController.storyboard in Resources */,
			);
			runOnlyForDeploymentPostprocessing = 0;
		};
		58EAEC6024C0D9B60009DF69 /* Resources */ = {
			isa = PBXResourcesBuildPhase;
			buildActionMask = 2147483647;
			files = (
			);
			runOnlyForDeploymentPostprocessing = 0;
		};
/* End PBXResourcesBuildPhase section */

/* Begin PBXSourcesBuildPhase section */
		58EAEC4824C0D9AF0009DF69 /* Sources */ = {
			isa = PBXSourcesBuildPhase;
			buildActionMask = 2147483647;
			files = (
				58256E4524C197F000EE04CA /* UITableViewCell+UINib.swift in Sources */,
				58FCD74624C1687300C94FED /* MainCoordinator.swift in Sources */,
				58256E3F24C18C2800EE04CA /* AppAppearance.swift in Sources */,
				58FCD74324C167D600C94FED /* Coordinator.swift in Sources */,
				58EAEC8224C0E7210009DF69 /* RequestHandler.swift in Sources */,
				5877E8AB24C1D2DC000F571D /* UIViewController+Spinner.swift in Sources */,
				58EAEC7C24C0E5660009DF69 /* APIConstants.swift in Sources */,
				58EAEC8424C0E7680009DF69 /* ParserHelper.swift in Sources */,
				58256E4924C1ABCE00EE04CA /* UIView.swift in Sources */,
				5877E8AF24C1DF62000F571D /* UINavigationController+Appearence.swift in Sources */,
				5877E8BA24C1E5B1000F571D /* UserDetailViewController.swift in Sources */,
				58256E4724C1984400EE04CA /* ClassNameable.swift in Sources */,
				5877E8A924C1C22D000F571D /* UserListViewModel.swift in Sources */,
				58EAEC7E24C0E6B70009DF69 /* Result.swift in Sources */,
				58EAEC5424C0D9AF0009DF69 /* UsersListViewController.swift in Sources */,
				58256E4224C18FB600EE04CA /* UserCell.swift in Sources */,
				58EAEC8024C0E6D30009DF69 /* ErrorResult.swift in Sources */,
				58EAEC9224C15EB70009DF69 /* User.swift in Sources */,
				58FCD74124C166DE00C94FED /* StoryboardInstantiable.swift in Sources */,
				5877E8B124C1E32E000F571D /* UIImageView+ParseImage.swift in Sources */,
				58EAEC8824C0E8030009DF69 /* ErrorDto.swift in Sources */,
				5877E8A724C1BDB0000F571D /* UITableHeaderForFooterView+UINib.swift in Sources */,
				58EAEC8C24C0ED300009DF69 /* GetInfoService.swift in Sources */,
				5877E8A324C1BA3A000F571D /* CustomHeader.swift in Sources */,
				58EAEC5024C0D9AF0009DF69 /* AppDelegate.swift in Sources */,
				58EAEC8624C0E7BF0009DF69 /* APIService.swift in Sources */,
				58EAEC8E24C15D1F0009DF69 /* DataResponse.swift in Sources */,
				58EAEC9024C15E990009DF69 /* Ad.swift in Sources */,
				58EAEC5224C0D9AF0009DF69 /* SceneDelegate.swift in Sources */,
				58256E3D24C1814400EE04CA /* Constants.swift in Sources */,
				5877E8B324C1E49E000F571D /* UIImageView+Rounded.swift in Sources */,
				5877E8BC24C1EDEB000F571D /* UITextView+HyperLink.swift in Sources */,
				5877E8AD24C1D33E000F571D /* UIViewController+Alert.swift in Sources */,
			);
			runOnlyForDeploymentPostprocessing = 0;
		};
		58EAEC5E24C0D9B60009DF69 /* Sources */ = {
			isa = PBXSourcesBuildPhase;
			buildActionMask = 2147483647;
			files = (
				58EAEC6724C0D9B60009DF69 /* ColleaguesAppTests.swift in Sources */,
			);
			runOnlyForDeploymentPostprocessing = 0;
		};
/* End PBXSourcesBuildPhase section */

/* Begin PBXTargetDependency section */
		58EAEC6424C0D9B60009DF69 /* PBXTargetDependency */ = {
			isa = PBXTargetDependency;
			target = 58EAEC4B24C0D9AF0009DF69 /* ColleaguesApp */;
			targetProxy = 58EAEC6324C0D9B60009DF69 /* PBXContainerItemProxy */;
		};
/* End PBXTargetDependency section */

/* Begin PBXVariantGroup section */
		58EAEC5524C0D9AF0009DF69 /* UsersListViewController.storyboard */ = {
			isa = PBXVariantGroup;
			children = (
				58EAEC5624C0D9AF0009DF69 /* Base */,
			);
			name = UsersListViewController.storyboard;
			sourceTree = "<group>";
		};
		58EAEC5A24C0D9B50009DF69 /* LaunchScreen.storyboard */ = {
			isa = PBXVariantGroup;
			children = (
				58EAEC5B24C0D9B50009DF69 /* Base */,
			);
			name = LaunchScreen.storyboard;
			sourceTree = "<group>";
		};
/* End PBXVariantGroup section */

/* Begin XCBuildConfiguration section */
		58EAEC6924C0D9B60009DF69 /* Debug */ = {
			isa = XCBuildConfiguration;
			buildSettings = {
				ALWAYS_SEARCH_USER_PATHS = NO;
				CLANG_ANALYZER_NONNULL = YES;
				CLANG_ANALYZER_NUMBER_OBJECT_CONVERSION = YES_AGGRESSIVE;
				CLANG_CXX_LANGUAGE_STANDARD = "gnu++14";
				CLANG_CXX_LIBRARY = "libc++";
				CLANG_ENABLE_MODULES = YES;
				CLANG_ENABLE_OBJC_ARC = YES;
				CLANG_ENABLE_OBJC_WEAK = YES;
				CLANG_WARN_BLOCK_CAPTURE_AUTORELEASING = YES;
				CLANG_WARN_BOOL_CONVERSION = YES;
				CLANG_WARN_COMMA = YES;
				CLANG_WARN_CONSTANT_CONVERSION = YES;
				CLANG_WARN_DEPRECATED_OBJC_IMPLEMENTATIONS = YES;
				CLANG_WARN_DIRECT_OBJC_ISA_USAGE = YES_ERROR;
				CLANG_WARN_DOCUMENTATION_COMMENTS = YES;
				CLANG_WARN_EMPTY_BODY = YES;
				CLANG_WARN_ENUM_CONVERSION = YES;
				CLANG_WARN_INFINITE_RECURSION = YES;
				CLANG_WARN_INT_CONVERSION = YES;
				CLANG_WARN_NON_LITERAL_NULL_CONVERSION = YES;
				CLANG_WARN_OBJC_IMPLICIT_RETAIN_SELF = YES;
				CLANG_WARN_OBJC_LITERAL_CONVERSION = YES;
				CLANG_WARN_OBJC_ROOT_CLASS = YES_ERROR;
				CLANG_WARN_RANGE_LOOP_ANALYSIS = YES;
				CLANG_WARN_STRICT_PROTOTYPES = YES;
				CLANG_WARN_SUSPICIOUS_MOVE = YES;
				CLANG_WARN_UNGUARDED_AVAILABILITY = YES_AGGRESSIVE;
				CLANG_WARN_UNREACHABLE_CODE = YES;
				CLANG_WARN__DUPLICATE_METHOD_MATCH = YES;
				COPY_PHASE_STRIP = NO;
				DEBUG_INFORMATION_FORMAT = dwarf;
				ENABLE_STRICT_OBJC_MSGSEND = YES;
				ENABLE_TESTABILITY = YES;
				GCC_C_LANGUAGE_STANDARD = gnu11;
				GCC_DYNAMIC_NO_PIC = NO;
				GCC_NO_COMMON_BLOCKS = YES;
				GCC_OPTIMIZATION_LEVEL = 0;
				GCC_PREPROCESSOR_DEFINITIONS = (
					"DEBUG=1",
					"$(inherited)",
				);
				GCC_WARN_64_TO_32_BIT_CONVERSION = YES;
				GCC_WARN_ABOUT_RETURN_TYPE = YES_ERROR;
				GCC_WARN_UNDECLARED_SELECTOR = YES;
				GCC_WARN_UNINITIALIZED_AUTOS = YES_AGGRESSIVE;
				GCC_WARN_UNUSED_FUNCTION = YES;
				GCC_WARN_UNUSED_VARIABLE = YES;
				IPHONEOS_DEPLOYMENT_TARGET = 13.5;
				MTL_ENABLE_DEBUG_INFO = INCLUDE_SOURCE;
				MTL_FAST_MATH = YES;
				ONLY_ACTIVE_ARCH = YES;
				SDKROOT = iphoneos;
				SWIFT_ACTIVE_COMPILATION_CONDITIONS = DEBUG;
				SWIFT_OPTIMIZATION_LEVEL = "-Onone";
			};
			name = Debug;
		};
		58EAEC6A24C0D9B60009DF69 /* Release */ = {
			isa = XCBuildConfiguration;
			buildSettings = {
				ALWAYS_SEARCH_USER_PATHS = NO;
				CLANG_ANALYZER_NONNULL = YES;
				CLANG_ANALYZER_NUMBER_OBJECT_CONVERSION = YES_AGGRESSIVE;
				CLANG_CXX_LANGUAGE_STANDARD = "gnu++14";
				CLANG_CXX_LIBRARY = "libc++";
				CLANG_ENABLE_MODULES = YES;
				CLANG_ENABLE_OBJC_ARC = YES;
				CLANG_ENABLE_OBJC_WEAK = YES;
				CLANG_WARN_BLOCK_CAPTURE_AUTORELEASING = YES;
				CLANG_WARN_BOOL_CONVERSION = YES;
				CLANG_WARN_COMMA = YES;
				CLANG_WARN_CONSTANT_CONVERSION = YES;
				CLANG_WARN_DEPRECATED_OBJC_IMPLEMENTATIONS = YES;
				CLANG_WARN_DIRECT_OBJC_ISA_USAGE = YES_ERROR;
				CLANG_WARN_DOCUMENTATION_COMMENTS = YES;
				CLANG_WARN_EMPTY_BODY = YES;
				CLANG_WARN_ENUM_CONVERSION = YES;
				CLANG_WARN_INFINITE_RECURSION = YES;
				CLANG_WARN_INT_CONVERSION = YES;
				CLANG_WARN_NON_LITERAL_NULL_CONVERSION = YES;
				CLANG_WARN_OBJC_IMPLICIT_RETAIN_SELF = YES;
				CLANG_WARN_OBJC_LITERAL_CONVERSION = YES;
				CLANG_WARN_OBJC_ROOT_CLASS = YES_ERROR;
				CLANG_WARN_RANGE_LOOP_ANALYSIS = YES;
				CLANG_WARN_STRICT_PROTOTYPES = YES;
				CLANG_WARN_SUSPICIOUS_MOVE = YES;
				CLANG_WARN_UNGUARDED_AVAILABILITY = YES_AGGRESSIVE;
				CLANG_WARN_UNREACHABLE_CODE = YES;
				CLANG_WARN__DUPLICATE_METHOD_MATCH = YES;
				COPY_PHASE_STRIP = NO;
				DEBUG_INFORMATION_FORMAT = "dwarf-with-dsym";
				ENABLE_NS_ASSERTIONS = NO;
				ENABLE_STRICT_OBJC_MSGSEND = YES;
				GCC_C_LANGUAGE_STANDARD = gnu11;
				GCC_NO_COMMON_BLOCKS = YES;
				GCC_WARN_64_TO_32_BIT_CONVERSION = YES;
				GCC_WARN_ABOUT_RETURN_TYPE = YES_ERROR;
				GCC_WARN_UNDECLARED_SELECTOR = YES;
				GCC_WARN_UNINITIALIZED_AUTOS = YES_AGGRESSIVE;
				GCC_WARN_UNUSED_FUNCTION = YES;
				GCC_WARN_UNUSED_VARIABLE = YES;
				IPHONEOS_DEPLOYMENT_TARGET = 13.5;
				MTL_ENABLE_DEBUG_INFO = NO;
				MTL_FAST_MATH = YES;
				SDKROOT = iphoneos;
				SWIFT_COMPILATION_MODE = wholemodule;
				SWIFT_OPTIMIZATION_LEVEL = "-O";
				VALIDATE_PRODUCT = YES;
			};
			name = Release;
		};
		58EAEC6C24C0D9B60009DF69 /* Debug */ = {
			isa = XCBuildConfiguration;
			buildSettings = {
				ASSETCATALOG_COMPILER_APPICON_NAME = AppIcon;
				CODE_SIGN_STYLE = Automatic;
				DEVELOPMENT_TEAM = QKHU8FT2PB;
				INFOPLIST_FILE = ColleaguesApp/Resources/Info.plist;
				IPHONEOS_DEPLOYMENT_TARGET = 12.0;
				LD_RUNPATH_SEARCH_PATHS = (
					"$(inherited)",
					"@executable_path/Frameworks",
				);
				PRODUCT_BUNDLE_IDENTIFIER = com.angelinaFriz..ColleaguesApp;
				PRODUCT_NAME = "$(TARGET_NAME)";
				SWIFT_VERSION = 5.0;
				TARGETED_DEVICE_FAMILY = 1;
			};
			name = Debug;
		};
		58EAEC6D24C0D9B60009DF69 /* Release */ = {
			isa = XCBuildConfiguration;
			buildSettings = {
				ASSETCATALOG_COMPILER_APPICON_NAME = AppIcon;
				CODE_SIGN_STYLE = Automatic;
				DEVELOPMENT_TEAM = QKHU8FT2PB;
				INFOPLIST_FILE = ColleaguesApp/Resources/Info.plist;
				IPHONEOS_DEPLOYMENT_TARGET = 12.0;
				LD_RUNPATH_SEARCH_PATHS = (
					"$(inherited)",
					"@executable_path/Frameworks",
				);
				PRODUCT_BUNDLE_IDENTIFIER = com.angelinaFriz..ColleaguesApp;
				PRODUCT_NAME = "$(TARGET_NAME)";
				SWIFT_VERSION = 5.0;
				TARGETED_DEVICE_FAMILY = 1;
			};
			name = Release;
		};
		58EAEC6F24C0D9B60009DF69 /* Debug */ = {
			isa = XCBuildConfiguration;
			buildSettings = {
				ALWAYS_EMBED_SWIFT_STANDARD_LIBRARIES = YES;
				BUNDLE_LOADER = "$(TEST_HOST)";
				CODE_SIGN_STYLE = Automatic;
				DEVELOPMENT_TEAM = QKHU8FT2PB;
				INFOPLIST_FILE = ColleaguesAppTests/Info.plist;
				IPHONEOS_DEPLOYMENT_TARGET = 13.5;
				LD_RUNPATH_SEARCH_PATHS = (
					"$(inherited)",
					"@executable_path/Frameworks",
					"@loader_path/Frameworks",
				);
				PRODUCT_BUNDLE_IDENTIFIER = com.angelinaFriz..ColleaguesAppTests;
				PRODUCT_NAME = "$(TARGET_NAME)";
				SWIFT_VERSION = 5.0;
				TARGETED_DEVICE_FAMILY = "1,2";
				TEST_HOST = "$(BUILT_PRODUCTS_DIR)/ColleaguesApp.app/ColleaguesApp";
			};
			name = Debug;
		};
		58EAEC7024C0D9B60009DF69 /* Release */ = {
			isa = XCBuildConfiguration;
			buildSettings = {
				ALWAYS_EMBED_SWIFT_STANDARD_LIBRARIES = YES;
				BUNDLE_LOADER = "$(TEST_HOST)";
				CODE_SIGN_STYLE = Automatic;
				DEVELOPMENT_TEAM = QKHU8FT2PB;
				INFOPLIST_FILE = ColleaguesAppTests/Info.plist;
				IPHONEOS_DEPLOYMENT_TARGET = 13.5;
				LD_RUNPATH_SEARCH_PATHS = (
					"$(inherited)",
					"@executable_path/Frameworks",
					"@loader_path/Frameworks",
				);
				PRODUCT_BUNDLE_IDENTIFIER = com.angelinaFriz..ColleaguesAppTests;
				PRODUCT_NAME = "$(TARGET_NAME)";
				SWIFT_VERSION = 5.0;
				TARGETED_DEVICE_FAMILY = "1,2";
				TEST_HOST = "$(BUILT_PRODUCTS_DIR)/ColleaguesApp.app/ColleaguesApp";
			};
			name = Release;
		};
/* End XCBuildConfiguration section */

/* Begin XCConfigurationList section */
		58EAEC4724C0D9AF0009DF69 /* Build configuration list for PBXProject "ColleaguesApp" */ = {
			isa = XCConfigurationList;
			buildConfigurations = (
				58EAEC6924C0D9B60009DF69 /* Debug */,
				58EAEC6A24C0D9B60009DF69 /* Release */,
			);
			defaultConfigurationIsVisible = 0;
			defaultConfigurationName = Release;
		};
		58EAEC6B24C0D9B60009DF69 /* Build configuration list for PBXNativeTarget "ColleaguesApp" */ = {
			isa = XCConfigurationList;
			buildConfigurations = (
				58EAEC6C24C0D9B60009DF69 /* Debug */,
				58EAEC6D24C0D9B60009DF69 /* Release */,
			);
			defaultConfigurationIsVisible = 0;
			defaultConfigurationName = Release;
		};
		58EAEC6E24C0D9B60009DF69 /* Build configuration list for PBXNativeTarget "ColleaguesAppTests" */ = {
			isa = XCConfigurationList;
			buildConfigurations = (
				58EAEC6F24C0D9B60009DF69 /* Debug */,
				58EAEC7024C0D9B60009DF69 /* Release */,
			);
			defaultConfigurationIsVisible = 0;
			defaultConfigurationName = Release;
		};
/* End XCConfigurationList section */
	};
	rootObject = 58EAEC4424C0D9AF0009DF69 /* Project object */;
}
